
Microsoft Visual Studio Solution File, Format Version 12.00
# Visual Studio Version 17
VisualStudioVersion = 17.4.33205.214
MinimumVisualStudioVersion = 10.0.40219.1
Project("{FAE04EC0-301F-11D3-BF4B-00C04F79EFBC}") = "Generics276", "Generics276\Generics276.csproj", "{858739F7-76F2-4AA6-8EB2-D7D4FDCEC980}"
EndProject
Global
	GlobalSection(SolutionConfigurationPlatforms) = preSolution
		Debug|Any CPU = Debug|Any CPU
		Release|Any CPU = Release|Any CPU
	EndGlobalSection
	GlobalSection(ProjectConfigurationPlatforms) = postSolution
		{858739F7-76F2-4AA6-8EB2-D7D4FDCEC980}.Debug|Any CPU.ActiveCfg = Debug|Any CPU
		{858739F7-76F2-4AA6-8EB2-D7D4FDCEC980}.Debug|Any CPU.Build.0 = Debug|Any CPU
		{858739F7-76F2-4AA6-8EB2-D7D4FDCEC980}.Release|Any CPU.ActiveCfg = Release|Any CPU
		{858739F7-76F2-4AA6-8EB2-D7D4FDCEC980}.Release|Any CPU.Build.0 = Release|Any CPU
	EndGlobalSection
	GlobalSection(SolutionProperties) = preSolution
		HideSolutionNode = FALSE
	EndGlobalSection
	GlobalSection(ExtensibilityGlobals) = postSolution
		SolutionGuid = {67CFB37C-D45D-4E50-8AC6-277E2BEB2178}
	EndGlobalSection
EndGlobal
